
Microsoft Visual Studio Solution File, Format Version 12.00
# Visual Studio 15
VisualStudioVersion = 15.0.26124.0
MinimumVisualStudioVersion = 15.0.26124.0
Project("{FAE04EC0-301F-11D3-BF4B-00C04F79EFBC}") = "API", "API\API.csproj", "{B49CCAA7-6416-4D26-8B10-B5D9DE532F9C}"
EndProject
Project("{FAE04EC0-301F-11D3-BF4B-00C04F79EFBC}") = "Core", "Core\Core.csproj", "{A1F84BD2-5342-43A6-8D90-8EB85F6F3151}"
EndProject
Project("{FAE04EC0-301F-11D3-BF4B-00C04F79EFBC}") = "Infrastructure", "Infrastructure\Infrastructure.csproj", "{997E6D0B-F425-44AB-8365-521E5BBF85E5}"
EndProject
Global
	GlobalSection(SolutionConfigurationPlatforms) = preSolution
		Debug|Any CPU = Debug|Any CPU
		Debug|x64 = Debug|x64
		Debug|x86 = Debug|x86
		Release|Any CPU = Release|Any CPU
		Release|x64 = Release|x64
		Release|x86 = Release|x86
	EndGlobalSection
	GlobalSection(SolutionProperties) = preSolution
		HideSolutionNode = FALSE
	EndGlobalSection
	GlobalSection(ProjectConfigurationPlatforms) = postSolution
		{B49CCAA7-6416-4D26-8B10-B5D9DE532F9C}.Debug|Any CPU.ActiveCfg = Debug|Any CPU
		{B49CCAA7-6416-4D26-8B10-B5D9DE532F9C}.Debug|Any CPU.Build.0 = Debug|Any CPU
		{B49CCAA7-6416-4D26-8B10-B5D9DE532F9C}.Debug|x64.ActiveCfg = Debug|Any CPU
		{B49CCAA7-6416-4D26-8B10-B5D9DE532F9C}.Debug|x64.Build.0 = Debug|Any CPU
		{B49CCAA7-6416-4D26-8B10-B5D9DE532F9C}.Debug|x86.ActiveCfg = Debug|Any CPU
		{B49CCAA7-6416-4D26-8B10-B5D9DE532F9C}.Debug|x86.Build.0 = Debug|Any CPU
		{B49CCAA7-6416-4D26-8B10-B5D9DE532F9C}.Release|Any CPU.ActiveCfg = Release|Any CPU
		{B49CCAA7-6416-4D26-8B10-B5D9DE532F9C}.Release|Any CPU.Build.0 = Release|Any CPU
		{B49CCAA7-6416-4D26-8B10-B5D9DE532F9C}.Release|x64.ActiveCfg = Release|Any CPU
		{B49CCAA7-6416-4D26-8B10-B5D9DE532F9C}.Release|x64.Build.0 = Release|Any CPU
		{B49CCAA7-6416-4D26-8B10-B5D9DE532F9C}.Release|x86.ActiveCfg = Release|Any CPU
		{B49CCAA7-6416-4D26-8B10-B5D9DE532F9C}.Release|x86.Build.0 = Release|Any CPU
		{A1F84BD2-5342-43A6-8D90-8EB85F6F3151}.Debug|Any CPU.ActiveCfg = Debug|Any CPU
		{A1F84BD2-5342-43A6-8D90-8EB85F6F3151}.Debug|Any CPU.Build.0 = Debug|Any CPU
		{A1F84BD2-5342-43A6-8D90-8EB85F6F3151}.Debug|x64.ActiveCfg = Debug|Any CPU
		{A1F84BD2-5342-43A6-8D90-8EB85F6F3151}.Debug|x64.Build.0 = Debug|Any CPU
		{A1F84BD2-5342-43A6-8D90-8EB85F6F3151}.Debug|x86.ActiveCfg = Debug|Any CPU
		{A1F84BD2-5342-43A6-8D90-8EB85F6F3151}.Debug|x86.Build.0 = Debug|Any CPU
		{A1F84BD2-5342-43A6-8D90-8EB85F6F3151}.Release|Any CPU.ActiveCfg = Release|Any CPU
		{A1F84BD2-5342-43A6-8D90-8EB85F6F3151}.Release|Any CPU.Build.0 = Release|Any CPU
		{A1F84BD2-5342-43A6-8D90-8EB85F6F3151}.Release|x64.ActiveCfg = Release|Any CPU
		{A1F84BD2-5342-43A6-8D90-8EB85F6F3151}.Release|x64.Build.0 = Release|Any CPU
		{A1F84BD2-5342-43A6-8D90-8EB85F6F3151}.Release|x86.ActiveCfg = Release|Any CPU
		{A1F84BD2-5342-43A6-8D90-8EB85F6F3151}.Release|x86.Build.0 = Release|Any CPU
		{997E6D0B-F425-44AB-8365-521E5BBF85E5}.Debug|Any CPU.ActiveCfg = Debug|Any CPU
		{997E6D0B-F425-44AB-8365-521E5BBF85E5}.Debug|Any CPU.Build.0 = Debug|Any CPU
		{997E6D0B-F425-44AB-8365-521E5BBF85E5}.Debug|x64.ActiveCfg = Debug|Any CPU
		{997E6D0B-F425-44AB-8365-521E5BBF85E5}.Debug|x64.Build.0 = Debug|Any CPU
		{997E6D0B-F425-44AB-8365-521E5BBF85E5}.Debug|x86.ActiveCfg = Debug|Any CPU
		{997E6D0B-F425-44AB-8365-521E5BBF85E5}.Debug|x86.Build.0 = Debug|Any CPU
		{997E6D0B-F425-44AB-8365-521E5BBF85E5}.Release|Any CPU.ActiveCfg = Release|Any CPU
		{997E6D0B-F425-44AB-8365-521E5BBF85E5}.Release|Any CPU.Build.0 = Release|Any CPU
		{997E6D0B-F425-44AB-8365-521E5BBF85E5}.Release|x64.ActiveCfg = Release|Any CPU
		{997E6D0B-F425-44AB-8365-521E5BBF85E5}.Release|x64.Build.0 = Release|Any CPU
		{997E6D0B-F425-44AB-8365-521E5BBF85E5}.Release|x86.ActiveCfg = Release|Any CPU
		{997E6D0B-F425-44AB-8365-521E5BBF85E5}.Release|x86.Build.0 = Release|Any CPU
	EndGlobalSection
EndGlobal
